
Microsoft Visual Studio Solution File, Format Version 12.00
# Visual Studio Version 16
VisualStudioVersion = 16.0.31729.503
MinimumVisualStudioVersion = 10.0.40219.1
Project("{FAE04EC0-301F-11D3-BF4B-00C04F79EFBC}") = "prakt 5", "prakt 5\prakt 5.csproj", "{A95CA1E6-8E4F-4F54-9542-E35CEB6EFF28}"
EndProject
Global
	GlobalSection(SolutionConfigurationPlatforms) = preSolution
		Debug|Any CPU = Debug|Any CPU
		Release|Any CPU = Release|Any CPU
	EndGlobalSection
	GlobalSection(ProjectConfigurationPlatforms) = postSolution
		{A95CA1E6-8E4F-4F54-9542-E35CEB6EFF28}.Debug|Any CPU.ActiveCfg = Debug|Any CPU
		{A95CA1E6-8E4F-4F54-9542-E35CEB6EFF28}.Debug|Any CPU.Build.0 = Debug|Any CPU
		{A95CA1E6-8E4F-4F54-9542-E35CEB6EFF28}.Release|Any CPU.ActiveCfg = Release|Any CPU
		{A95CA1E6-8E4F-4F54-9542-E35CEB6EFF28}.Release|Any CPU.Build.0 = Release|Any CPU
	EndGlobalSection
	GlobalSection(SolutionProperties) = preSolution
		HideSolutionNode = FALSE
	EndGlobalSection
	GlobalSection(ExtensibilityGlobals) = postSolution
		SolutionGuid = {3E395105-5352-4689-9347-E311DB4901C0}
	EndGlobalSection
EndGlobal
